
Microsoft Visual Studio Solution File, Format Version 12.00
# Visual Studio Version 17
VisualStudioVersion = 17.10.34916.146
MinimumVisualStudioVersion = 10.0.40219.1
Project("{8BC9CEB8-8B4A-11D0-8D11-00A0C91BC942}") = "Lab_10", "Lab_10.vcxproj", "{5F36BFE1-F635-496D-8B6C-FF7A2238B682}"
EndProject
Global
	GlobalSection(SolutionConfigurationPlatforms) = preSolution
		Debug|x64 = Debug|x64
		Debug|x86 = Debug|x86
		Release|x64 = Release|x64
		Release|x86 = Release|x86
	EndGlobalSection
	GlobalSection(ProjectConfigurationPlatforms) = postSolution
		{5F36BFE1-F635-496D-8B6C-FF7A2238B682}.Debug|x64.ActiveCfg = Debug|x64
		{5F36BFE1-F635-496D-8B6C-FF7A2238B682}.Debug|x64.Build.0 = Debug|x64
		{5F36BFE1-F635-496D-8B6C-FF7A2238B682}.Debug|x86.ActiveCfg = Debug|Win32
		{5F36BFE1-F635-496D-8B6C-FF7A2238B682}.Debug|x86.Build.0 = Debug|Win32
		{5F36BFE1-F635-496D-8B6C-FF7A2238B682}.Release|x64.ActiveCfg = Release|x64
		{5F36BFE1-F635-496D-8B6C-FF7A2238B682}.Release|x64.Build.0 = Release|x64
		{5F36BFE1-F635-496D-8B6C-FF7A2238B682}.Release|x86.ActiveCfg = Release|Win32
		{5F36BFE1-F635-496D-8B6C-FF7A2238B682}.Release|x86.Build.0 = Release|Win32
	EndGlobalSection
	GlobalSection(SolutionProperties) = preSolution
		HideSolutionNode = FALSE
	EndGlobalSection
	GlobalSection(ExtensibilityGlobals) = postSolution
		SolutionGuid = {179982F1-BEBA-4DDE-A66D-62B8036960B1}
	EndGlobalSection
EndGlobal
